// !$*UTF8*$!
{
	archiveVersion = 1;
	classes = {
	};
	objectVersion = 46;
	objects = {

/* Begin PBXBuildFile section */
		F601A7C81D71F8DC000525B1 /* AppDelegate.swift in Sources */ = {isa = PBXBuildFile; fileRef = F601A7C71D71F8DC000525B1 /* AppDelegate.swift */; };
		F601A7CA1D71F8DC000525B1 /* ViewController.swift in Sources */ = {isa = PBXBuildFile; fileRef = F601A7C91D71F8DC000525B1 /* ViewController.swift */; };
		F601A7CF1D71F8DC000525B1 /* Assets.xcassets in Resources */ = {isa = PBXBuildFile; fileRef = F601A7CE1D71F8DC000525B1 /* Assets.xcassets */; };
		F601A7D21D71F8DC000525B1 /* LaunchScreen.storyboard in Resources */ = {isa = PBXBuildFile; fileRef = F601A7D01D71F8DC000525B1 /* LaunchScreen.storyboard */; };
		F601A7DA1D71F975000525B1 /* Shaders.metal in Sources */ = {isa = PBXBuildFile; fileRef = F601A7D91D71F975000525B1 /* Shaders.metal */; };
		F601A7DC1D71F9E4000525B1 /* MathUtilities.swift in Sources */ = {isa = PBXBuildFile; fileRef = F601A7DB1D71F9E4000525B1 /* MathUtilities.swift */; };
		F601A7DE1D71F9F9000525B1 /* MetalView.swift in Sources */ = {isa = PBXBuildFile; fileRef = F601A7DD1D71F9F9000525B1 /* MetalView.swift */; };
		F601A7E01D71FA0B000525B1 /* Renderer.swift in Sources */ = {isa = PBXBuildFile; fileRef = F601A7DF1D71FA0B000525B1 /* Renderer.swift */; };
/* End PBXBuildFile section */

/* Begin PBXFileReference section */
		F601A7C41D71F8DC000525B1 /* swiftingIn3D.app */ = {isa = PBXFileReference; explicitFileType = wrapper.application; includeInIndex = 0; path = swiftingIn3D.app; sourceTree = BUILT_PRODUCTS_DIR; };
		F601A7C71D71F8DC000525B1 /* AppDelegate.swift */ = {isa = PBXFileReference; lastKnownFileType = sourcecode.swift; path = AppDelegate.swift; sourceTree = "<group>"; };
		F601A7C91D71F8DC000525B1 /* ViewController.swift */ = {isa = PBXFileReference; lastKnownFileType = sourcecode.swift; path = ViewController.swift; sourceTree = "<group>"; };
		F601A7CE1D71F8DC000525B1 /* Assets.xcassets */ = {isa = PBXFileReference; lastKnownFileType = folder.assetcatalog; path = Assets.xcassets; sourceTree = "<group>"; };
		F601A7D11D71F8DC000525B1 /* Base */ = {isa = PBXFileReference; lastKnownFileType = file.storyboard; name = Base; path = Base.lproj/LaunchScreen.storyboard; sourceTree = "<group>"; };
		F601A7D31D71F8DC000525B1 /* Info.plist */ = {isa = PBXFileReference; lastKnownFileType = text.plist.xml; path = Info.plist; sourceTree = "<group>"; };
		F601A7D91D71F975000525B1 /* Shaders.metal */ = {isa = PBXFileReference; fileEncoding = 4; lastKnownFileType = sourcecode.metal; path = Shaders.metal; sourceTree = "<group>"; };
		F601A7DB1D71F9E4000525B1 /* MathUtilities.swift */ = {isa = PBXFileReference; fileEncoding = 4; lastKnownFileType = sourcecode.swift; path = MathUtilities.swift; sourceTree = "<group>"; };
		F601A7DD1D71F9F9000525B1 /* MetalView.swift */ = {isa = PBXFileReference; fileEncoding = 4; lastKnownFileType = sourcecode.swift; path = MetalView.swift; sourceTree = "<group>"; };
		F601A7DF1D71FA0B000525B1 /* Renderer.swift */ = {isa = PBXFileReference; fileEncoding = 4; lastKnownFileType = sourcecode.swift; path = Renderer.swift; sourceTree = "<group>"; };
/* End PBXFileReference section */

/* Begin PBXFrameworksBuildPhase section */
		F601A7C11D71F8DC000525B1 /* Frameworks */ = {
			isa = PBXFrameworksBuildPhase;
			buildActionMask = 2147483647;
			files = (
			);
			runOnlyForDeploymentPostprocessing = 0;
		};
/* End PBXFrameworksBuildPhase section */

/* Begin PBXGroup section */
		F601A7BB1D71F8DC000525B1 = {
			isa = PBXGroup;
			children = (
				F601A7C61D71F8DC000525B1 /* swiftingIn3D */,
				F601A7C51D71F8DC000525B1 /* Products */,
			);
			sourceTree = "<group>";
		};
		F601A7C51D71F8DC000525B1 /* Products */ = {
			isa = PBXGroup;
			children = (
				F601A7C41D71F8DC000525B1 /* swiftingIn3D.app */,
			);
			name = Products;
			sourceTree = "<group>";
		};
		F601A7C61D71F8DC000525B1 /* swiftingIn3D */ = {
			isa = PBXGroup;
			children = (
				F601A7C71D71F8DC000525B1 /* AppDelegate.swift */,
				F601A7DB1D71F9E4000525B1 /* MathUtilities.swift */,
				F601A7CE1D71F8DC000525B1 /* Assets.xcassets */,
				F601A7D01D71F8DC000525B1 /* LaunchScreen.storyboard */,
				F601A7D31D71F8DC000525B1 /* Info.plist */,
				F601A7D91D71F975000525B1 /* Shaders.metal */,
				F601A7DD1D71F9F9000525B1 /* MetalView.swift */,
				F601A7DF1D71FA0B000525B1 /* Renderer.swift */,
				F601A7C91D71F8DC000525B1 /* ViewController.swift */,
			);
			path = swiftingIn3D;
			sourceTree = "<group>";
		};
/* End PBXGroup section */

/* Begin PBXNativeTarget section */
		F601A7C31D71F8DC000525B1 /* swiftingIn3D */ = {
			isa = PBXNativeTarget;
			buildConfigurationList = F601A7D61D71F8DC000525B1 /* Build configuration list for PBXNativeTarget "swiftingIn3D" */;
			buildPhases = (
				F601A7C01D71F8DC000525B1 /* Sources */,
				F601A7C11D71F8DC000525B1 /* Frameworks */,
				F601A7C21D71F8DC000525B1 /* Resources */,
			);
			buildRules = (
			);
			dependencies = (
			);
			name = swiftingIn3D;
			productName = swiftingIn3D;
			productReference = F601A7C41D71F8DC000525B1 /* swiftingIn3D.app */;
			productType = "com.apple.product-type.application";
		};
/* End PBXNativeTarget section */

/* Begin PBXProject section */
		F601A7BC1D71F8DC000525B1 /* Project object */ = {
			isa = PBXProject;
			attributes = {
				LastSwiftUpdateCheck = 0730;
				LastUpgradeCheck = 0730;
				ORGANIZATIONNAME = "Stanley Chiang";
				TargetAttributes = {
					F601A7C31D71F8DC000525B1 = {
						CreatedOnToolsVersion = 7.3.1;
					};
				};
			};
			buildConfigurationList = F601A7BF1D71F8DC000525B1 /* Build configuration list for PBXProject "swiftingIn3D" */;
			compatibilityVersion = "Xcode 3.2";
			developmentRegion = English;
			hasScannedForEncodings = 0;
			knownRegions = (
				en,
				Base,
			);
			mainGroup = F601A7BB1D71F8DC000525B1;
			productRefGroup = F601A7C51D71F8DC000525B1 /* Products */;
			projectDirPath = "";
			projectRoot = "";
			targets = (
				F601A7C31D71F8DC000525B1 /* swiftingIn3D */,
			);
		};
/* End PBXProject section */

/* Begin PBXResourcesBuildPhase section */
		F601A7C21D71F8DC000525B1 /* Resources */ = {
			isa = PBXResourcesBuildPhase;
			buildActionMask = 2147483647;
			files = (
				F601A7D21D71F8DC000525B1 /* LaunchScreen.storyboard in Resources */,
				F601A7CF1D71F8DC000525B1 /* Assets.xcassets in Resources */,
			);
			runOnlyForDeploymentPostprocessing = 0;
		};
/* End PBXResourcesBuildPhase section */

/* Begin PBXSourcesBuildPhase section */
		F601A7C01D71F8DC000525B1 /* Sources */ = {
			isa = PBXSourcesBuildPhase;
			buildActionMask = 2147483647;
			files = (
				F601A7DC1D71F9E4000525B1 /* MathUtilities.swift in Sources */,
				F601A7DA1D71F975000525B1 /* Shaders.metal in Sources */,
				F601A7DE1D71F9F9000525B1 /* MetalView.swift in Sources */,
				F601A7CA1D71F8DC000525B1 /* ViewController.swift in Sources */,
				F601A7E01D71FA0B000525B1 /* Renderer.swift in Sources */,
				F601A7C81D71F8DC000525B1 /* AppDelegate.swift in Sources */,
			);
			runOnlyForDeploymentPostprocessing = 0;
		};
/* End PBXSourcesBuildPhase section */

/* Begin PBXVariantGroup section */
		F601A7D01D71F8DC000525B1 /* LaunchScreen.storyboard */ = {
			isa = PBXVariantGroup;
			children = (
				F601A7D11D71F8DC000525B1 /* Base */,
			);
			name = LaunchScreen.storyboard;
			sourceTree = "<group>";
		};
/* End PBXVariantGroup section */

/* Begin XCBuildConfiguration section */
		F601A7D41D71F8DC000525B1 /* Debug */ = {
			isa = XCBuildConfiguration;
			buildSettings = {
				ALWAYS_SEARCH_USER_PATHS = NO;
				CLANG_ANALYZER_NONNULL = YES;
				CLANG_CXX_LANGUAGE_STANDARD = "gnu++0x";
				CLANG_CXX_LIBRARY = "libc++";
				CLANG_ENABLE_MODULES = YES;
				CLANG_ENABLE_OBJC_ARC = YES;
				CLANG_WARN_BOOL_CONVERSION = YES;
				CLANG_WARN_CONSTANT_CONVERSION = YES;
				CLANG_WARN_DIRECT_OBJC_ISA_USAGE = YES_ERROR;
				CLANG_WARN_EMPTY_BODY = YES;
				CLANG_WARN_ENUM_CONVERSION = YES;
				CLANG_WARN_INT_CONVERSION = YES;
				CLANG_WARN_OBJC_ROOT_CLASS = YES_ERROR;
				CLANG_WARN_UNREACHABLE_CODE = YES;
				CLANG_WARN__DUPLICATE_METHOD_MATCH = YES;
				"CODE_SIGN_IDENTITY[sdk=iphoneos*]" = "iPhone Developer";
				COPY_PHASE_STRIP = NO;
				DEBUG_INFORMATION_FORMAT = dwarf;
				ENABLE_STRICT_OBJC_MSGSEND = YES;
				ENABLE_TESTABILITY = YES;
				GCC_C_LANGUAGE_STANDARD = gnu99;
				GCC_DYNAMIC_NO_PIC = NO;
				GCC_NO_COMMON_BLOCKS = YES;
				GCC_OPTIMIZATION_LEVEL = 0;
				GCC_PREPROCESSOR_DEFINITIONS = (
					"DEBUG=1",
					"$(inherited)",
				);
				GCC_WARN_64_TO_32_BIT_CONVERSION = YES;
				GCC_WARN_ABOUT_RETURN_TYPE = YES_ERROR;
				GCC_WARN_UNDECLARED_SELECTOR = YES;
				GCC_WARN_UNINITIALIZED_AUTOS = YES_AGGRESSIVE;
				GCC_WARN_UNUSED_FUNCTION = YES;
				GCC_WARN_UNUSED_VARIABLE = YES;
				IPHONEOS_DEPLOYMENT_TARGET = 9.3;
				MTL_ENABLE_DEBUG_INFO = YES;
				ONLY_ACTIVE_ARCH = YES;
				SDKROOT = iphoneos;
				SWIFT_OPTIMIZATION_LEVEL = "-Onone";
			};
			name = Debug;
		};
		F601A7D51D71F8DC000525B1 /* Release */ = {
			isa = XCBuildConfiguration;
			buildSettings = {
				ALWAYS_SEARCH_USER_PATHS = NO;
				CLANG_ANALYZER_NONNULL = YES;
				CLANG_CXX_LANGUAGE_STANDARD = "gnu++0x";
				CLANG_CXX_LIBRARY = "libc++";
				CLANG_ENABLE_MODULES = YES;
				CLANG_ENABLE_OBJC_ARC = YES;
				CLANG_WARN_BOOL_CONVERSION = YES;
				CLANG_WARN_CONSTANT_CONVERSION = YES;
				CLANG_WARN_DIRECT_OBJC_ISA_USAGE = YES_ERROR;
				CLANG_WARN_EMPTY_BODY = YES;
				CLANG_WARN_ENUM_CONVERSION = YES;
				CLANG_WARN_INT_CONVERSION = YES;
				CLANG_WARN_OBJC_ROOT_CLASS = YES_ERROR;
				CLANG_WARN_UNREACHABLE_CODE = YES;
				CLANG_WARN__DUPLICATE_METHOD_MATCH = YES;
				"CODE_SIGN_IDENTITY[sdk=iphoneos*]" = "iPhone Developer";
				COPY_PHASE_STRIP = NO;
				DEBUG_INFORMATION_FORMAT = "dwarf-with-dsym";
				ENABLE_NS_ASSERTIONS = NO;
				ENABLE_STRICT_OBJC_MSGSEND = YES;
				GCC_C_LANGUAGE_STANDARD = gnu99;
				GCC_NO_COMMON_BLOCKS = YES;
				GCC_WARN_64_TO_32_BIT_CONVERSION = YES;
				GCC_WARN_ABOUT_RETURN_TYPE = YES_ERROR;
				GCC_WARN_UNDECLARED_SELECTOR = YES;
				GCC_WARN_UNINITIALIZED_AUTOS = YES_AGGRESSIVE;
				GCC_WARN_UNUSED_FUNCTION = YES;
				GCC_WARN_UNUSED_VARIABLE = YES;
				IPHONEOS_DEPLOYMENT_TARGET = 9.3;
				MTL_ENABLE_DEBUG_INFO = NO;
				SDKROOT = iphoneos;
				VALIDATE_PRODUCT = YES;
			};
			name = Release;
		};
		F601A7D71D71F8DC000525B1 /* Debug */ = {
			isa = XCBuildConfiguration;
			buildSettings = {
				ASSETCATALOG_COMPILER_APPICON_NAME = AppIcon;
				INFOPLIST_FILE = swiftingIn3D/Info.plist;
				LD_RUNPATH_SEARCH_PATHS = "$(inherited) @executable_path/Frameworks";
				PRODUCT_BUNDLE_IDENTIFIER = com.stan.swiftingIn3D;
				PRODUCT_NAME = "$(TARGET_NAME)";
			};
			name = Debug;
		};
		F601A7D81D71F8DC000525B1 /* Release */ = {
			isa = XCBuildConfiguration;
			buildSettings = {
				ASSETCATALOG_COMPILER_APPICON_NAME = AppIcon;
				INFOPLIST_FILE = swiftingIn3D/Info.plist;
				LD_RUNPATH_SEARCH_PATHS = "$(inherited) @executable_path/Frameworks";
				PRODUCT_BUNDLE_IDENTIFIER = com.stan.swiftingIn3D;
				PRODUCT_NAME = "$(TARGET_NAME)";
			};
			name = Release;
		};
/* End XCBuildConfiguration section */

/* Begin XCConfigurationList section */
		F601A7BF1D71F8DC000525B1 /* Build configuration list for PBXProject "swiftingIn3D" */ = {
			isa = XCConfigurationList;
			buildConfigurations = (
				F601A7D41D71F8DC000525B1 /* Debug */,
				F601A7D51D71F8DC000525B1 /* Release */,
			);
			defaultConfigurationIsVisible = 0;
			defaultConfigurationName = Release;
		};
		F601A7D61D71F8DC000525B1 /* Build configuration list for PBXNativeTarget "swiftingIn3D" */ = {
			isa = XCConfigurationList;
			buildConfigurations = (
				F601A7D71D71F8DC000525B1 /* Debug */,
				F601A7D81D71F8DC000525B1 /* Release */,
			);
			defaultConfigurationIsVisible = 0;
			defaultConfigurationName = Release;
		};
/* End XCConfigurationList section */
	};
	rootObject = F601A7BC1D71F8DC000525B1 /* Project object */;
}
