// !$*UTF8*$!
{
	archiveVersion = 1;
	classes = {
	};
	objectVersion = 46;
	objects = {

/* Begin PBXBuildFile section */
		F61EC3341D6ACCE1007D2B55 /* pic1.bmp in Resources */ = {isa = PBXBuildFile; fileRef = F61EC3331D6ACCE0007D2B55 /* pic1.bmp */; };
		F61EC3361D6AD4B3007D2B55 /* opencv2.framework in Frameworks */ = {isa = PBXBuildFile; fileRef = F61EC3351D6AD4B3007D2B55 /* opencv2.framework */; };
		F61EC3391D6AD4D2007D2B55 /* CVWrapper.mm in Sources */ = {isa = PBXBuildFile; fileRef = F61EC3381D6AD4D2007D2B55 /* CVWrapper.mm */; };
		F61EC3401D6BA88F007D2B55 /* AssetsLibrary.framework in Frameworks */ = {isa = PBXBuildFile; fileRef = F61EC33F1D6BA88F007D2B55 /* AssetsLibrary.framework */; };
		F61EC3561D6C9FFB007D2B55 /* ARPipeline.cpp in Sources */ = {isa = PBXBuildFile; fileRef = F61EC3541D6C9FFB007D2B55 /* ARPipeline.cpp */; };
		F61EC3591D6CA02F007D2B55 /* PatternDetector.cpp in Sources */ = {isa = PBXBuildFile; fileRef = F61EC3571D6CA02F007D2B55 /* PatternDetector.cpp */; };
		F61EC35C1D6CA043007D2B55 /* Pattern.cpp in Sources */ = {isa = PBXBuildFile; fileRef = F61EC35A1D6CA043007D2B55 /* Pattern.cpp */; };
		F61EC35F1D6CA053007D2B55 /* GeometryTypes.cpp in Sources */ = {isa = PBXBuildFile; fileRef = F61EC35D1D6CA053007D2B55 /* GeometryTypes.cpp */; };
		F61EC3621D6CA065007D2B55 /* CameraCalibration.cpp in Sources */ = {isa = PBXBuildFile; fileRef = F61EC3601D6CA065007D2B55 /* CameraCalibration.cpp */; };
		F61EC36D1D6CD4E4007D2B55 /* kltTrackingOBJ.cpp in Sources */ = {isa = PBXBuildFile; fileRef = F61EC3691D6CD4E4007D2B55 /* kltTrackingOBJ.cpp */; };
		F61EC36E1D6CD4E4007D2B55 /* trackingOBJ.cpp in Sources */ = {isa = PBXBuildFile; fileRef = F61EC36B1D6CD4E4007D2B55 /* trackingOBJ.cpp */; };
		F61EC3721D6CD506007D2B55 /* commonCvFunctions.cpp in Sources */ = {isa = PBXBuildFile; fileRef = F61EC3701D6CD506007D2B55 /* commonCvFunctions.cpp */; };
		F61EC3751D6CD525007D2B55 /* orException.cpp in Sources */ = {isa = PBXBuildFile; fileRef = F61EC3731D6CD525007D2B55 /* orException.cpp */; };
		F64266E31D6A750500C9C05B /* AppDelegate.swift in Sources */ = {isa = PBXBuildFile; fileRef = F64266E21D6A750500C9C05B /* AppDelegate.swift */; };
		F64266E51D6A750500C9C05B /* ViewController.swift in Sources */ = {isa = PBXBuildFile; fileRef = F64266E41D6A750500C9C05B /* ViewController.swift */; };
		F64266EA1D6A750500C9C05B /* Assets.xcassets in Resources */ = {isa = PBXBuildFile; fileRef = F64266E91D6A750500C9C05B /* Assets.xcassets */; };
		F64266ED1D6A750500C9C05B /* LaunchScreen.storyboard in Resources */ = {isa = PBXBuildFile; fileRef = F64266EB1D6A750500C9C05B /* LaunchScreen.storyboard */; };
/* End PBXBuildFile section */

/* Begin PBXFileReference section */
		F61EC3331D6ACCE0007D2B55 /* pic1.bmp */ = {isa = PBXFileReference; lastKnownFileType = image.bmp; path = pic1.bmp; sourceTree = "<group>"; };
		F61EC3351D6AD4B3007D2B55 /* opencv2.framework */ = {isa = PBXFileReference; lastKnownFileType = wrapper.framework; path = opencv2.framework; sourceTree = "<group>"; };
		F61EC3371D6AD4D1007D2B55 /* constellation-Bridging-Header.h */ = {isa = PBXFileReference; lastKnownFileType = sourcecode.c.h; path = "constellation-Bridging-Header.h"; sourceTree = "<group>"; };
		F61EC3381D6AD4D2007D2B55 /* CVWrapper.mm */ = {isa = PBXFileReference; fileEncoding = 4; lastKnownFileType = sourcecode.cpp.objcpp; path = CVWrapper.mm; sourceTree = "<group>"; };
		F61EC33A1D6AD4E1007D2B55 /* CVWrapper.h */ = {isa = PBXFileReference; lastKnownFileType = sourcecode.c.h; path = CVWrapper.h; sourceTree = "<group>"; };
		F61EC33F1D6BA88F007D2B55 /* AssetsLibrary.framework */ = {isa = PBXFileReference; lastKnownFileType = wrapper.framework; name = AssetsLibrary.framework; path = System/Library/Frameworks/AssetsLibrary.framework; sourceTree = SDKROOT; };
		F61EC3541D6C9FFB007D2B55 /* ARPipeline.cpp */ = {isa = PBXFileReference; fileEncoding = 4; lastKnownFileType = sourcecode.cpp.cpp; path = ARPipeline.cpp; sourceTree = "<group>"; };
		F61EC3551D6C9FFB007D2B55 /* ARPipeline.hpp */ = {isa = PBXFileReference; fileEncoding = 4; lastKnownFileType = sourcecode.cpp.h; path = ARPipeline.hpp; sourceTree = "<group>"; };
		F61EC3571D6CA02F007D2B55 /* PatternDetector.cpp */ = {isa = PBXFileReference; fileEncoding = 4; lastKnownFileType = sourcecode.cpp.cpp; path = PatternDetector.cpp; sourceTree = "<group>"; };
		F61EC3581D6CA02F007D2B55 /* PatternDetector.hpp */ = {isa = PBXFileReference; fileEncoding = 4; lastKnownFileType = sourcecode.cpp.h; path = PatternDetector.hpp; sourceTree = "<group>"; };
		F61EC35A1D6CA043007D2B55 /* Pattern.cpp */ = {isa = PBXFileReference; fileEncoding = 4; lastKnownFileType = sourcecode.cpp.cpp; path = Pattern.cpp; sourceTree = "<group>"; };
		F61EC35B1D6CA043007D2B55 /* Pattern.hpp */ = {isa = PBXFileReference; fileEncoding = 4; lastKnownFileType = sourcecode.cpp.h; path = Pattern.hpp; sourceTree = "<group>"; };
		F61EC35D1D6CA053007D2B55 /* GeometryTypes.cpp */ = {isa = PBXFileReference; fileEncoding = 4; lastKnownFileType = sourcecode.cpp.cpp; path = GeometryTypes.cpp; sourceTree = "<group>"; };
		F61EC35E1D6CA053007D2B55 /* GeometryTypes.hpp */ = {isa = PBXFileReference; fileEncoding = 4; lastKnownFileType = sourcecode.cpp.h; path = GeometryTypes.hpp; sourceTree = "<group>"; };
		F61EC3601D6CA065007D2B55 /* CameraCalibration.cpp */ = {isa = PBXFileReference; fileEncoding = 4; lastKnownFileType = sourcecode.cpp.cpp; path = CameraCalibration.cpp; sourceTree = "<group>"; };
		F61EC3611D6CA065007D2B55 /* CameraCalibration.hpp */ = {isa = PBXFileReference; fileEncoding = 4; lastKnownFileType = sourcecode.cpp.h; path = CameraCalibration.hpp; sourceTree = "<group>"; };
		F61EC3681D6CB128007D2B55 /* DebugHelpers.hpp */ = {isa = PBXFileReference; lastKnownFileType = sourcecode.cpp.h; path = DebugHelpers.hpp; sourceTree = "<group>"; };
		F61EC3691D6CD4E4007D2B55 /* kltTrackingOBJ.cpp */ = {isa = PBXFileReference; fileEncoding = 4; lastKnownFileType = sourcecode.cpp.cpp; path = kltTrackingOBJ.cpp; sourceTree = "<group>"; };
		F61EC36A1D6CD4E4007D2B55 /* kltTrackingOBJ.h */ = {isa = PBXFileReference; fileEncoding = 4; lastKnownFileType = sourcecode.c.h; path = kltTrackingOBJ.h; sourceTree = "<group>"; };
		F61EC36B1D6CD4E4007D2B55 /* trackingOBJ.cpp */ = {isa = PBXFileReference; fileEncoding = 4; lastKnownFileType = sourcecode.cpp.cpp; path = trackingOBJ.cpp; sourceTree = "<group>"; };
		F61EC36C1D6CD4E4007D2B55 /* trackingOBJ.h */ = {isa = PBXFileReference; fileEncoding = 4; lastKnownFileType = sourcecode.c.h; path = trackingOBJ.h; sourceTree = "<group>"; };
		F61EC3701D6CD506007D2B55 /* commonCvFunctions.cpp */ = {isa = PBXFileReference; fileEncoding = 4; lastKnownFileType = sourcecode.cpp.cpp; path = commonCvFunctions.cpp; sourceTree = "<group>"; };
		F61EC3711D6CD506007D2B55 /* commonCvFunctions.h */ = {isa = PBXFileReference; fileEncoding = 4; lastKnownFileType = sourcecode.c.h; path = commonCvFunctions.h; sourceTree = "<group>"; };
		F61EC3731D6CD525007D2B55 /* orException.cpp */ = {isa = PBXFileReference; fileEncoding = 4; lastKnownFileType = sourcecode.cpp.cpp; path = orException.cpp; sourceTree = "<group>"; };
		F61EC3741D6CD525007D2B55 /* orException.h */ = {isa = PBXFileReference; fileEncoding = 4; lastKnownFileType = sourcecode.c.h; path = orException.h; sourceTree = "<group>"; };
		F61EC3791D6D3079007D2B55 /* CVWrapperDelegate.h */ = {isa = PBXFileReference; lastKnownFileType = sourcecode.c.h; name = CVWrapperDelegate.h; path = ../CVWrapperDelegate.h; sourceTree = "<group>"; };
		F64266DF1D6A750400C9C05B /* constellation.app */ = {isa = PBXFileReference; explicitFileType = wrapper.application; includeInIndex = 0; path = constellation.app; sourceTree = BUILT_PRODUCTS_DIR; };
		F64266E21D6A750500C9C05B /* AppDelegate.swift */ = {isa = PBXFileReference; lastKnownFileType = sourcecode.swift; path = AppDelegate.swift; sourceTree = "<group>"; };
		F64266E41D6A750500C9C05B /* ViewController.swift */ = {isa = PBXFileReference; lastKnownFileType = sourcecode.swift; path = ViewController.swift; sourceTree = "<group>"; };
		F64266E91D6A750500C9C05B /* Assets.xcassets */ = {isa = PBXFileReference; lastKnownFileType = folder.assetcatalog; path = Assets.xcassets; sourceTree = "<group>"; };
		F64266EC1D6A750500C9C05B /* Base */ = {isa = PBXFileReference; lastKnownFileType = file.storyboard; name = Base; path = Base.lproj/LaunchScreen.storyboard; sourceTree = "<group>"; };
		F64266EE1D6A750500C9C05B /* Info.plist */ = {isa = PBXFileReference; lastKnownFileType = text.plist.xml; path = Info.plist; sourceTree = "<group>"; };
/* End PBXFileReference section */

/* Begin PBXFrameworksBuildPhase section */
		F64266DC1D6A750400C9C05B /* Frameworks */ = {
			isa = PBXFrameworksBuildPhase;
			buildActionMask = 2147483647;
			files = (
				F61EC3401D6BA88F007D2B55 /* AssetsLibrary.framework in Frameworks */,
				F61EC3361D6AD4B3007D2B55 /* opencv2.framework in Frameworks */,
			);
			runOnlyForDeploymentPostprocessing = 0;
		};
/* End PBXFrameworksBuildPhase section */

/* Begin PBXGroup section */
		F61EC3411D6BD243007D2B55 /* Frameworks */ = {
			isa = PBXGroup;
			children = (
				F61EC3351D6AD4B3007D2B55 /* opencv2.framework */,
				F61EC33F1D6BA88F007D2B55 /* AssetsLibrary.framework */,
			);
			name = Frameworks;
			sourceTree = "<group>";
		};
		F61EC3421D6BD265007D2B55 /* Supporting Files */ = {
			isa = PBXGroup;
			children = (
				F61EC3331D6ACCE0007D2B55 /* pic1.bmp */,
				F64266E91D6A750500C9C05B /* Assets.xcassets */,
				F64266EB1D6A750500C9C05B /* LaunchScreen.storyboard */,
				F64266EE1D6A750500C9C05B /* Info.plist */,
				F61EC3371D6AD4D1007D2B55 /* constellation-Bridging-Header.h */,
			);
			name = "Supporting Files";
			sourceTree = "<group>";
		};
		F61EC3431D6C9841007D2B55 /* Core */ = {
			isa = PBXGroup;
			children = (
				F61EC3681D6CB128007D2B55 /* DebugHelpers.hpp */,
				F61EC3541D6C9FFB007D2B55 /* ARPipeline.cpp */,
				F61EC3551D6C9FFB007D2B55 /* ARPipeline.hpp */,
				F61EC3571D6CA02F007D2B55 /* PatternDetector.cpp */,
				F61EC3581D6CA02F007D2B55 /* PatternDetector.hpp */,
				F61EC35A1D6CA043007D2B55 /* Pattern.cpp */,
				F61EC35B1D6CA043007D2B55 /* Pattern.hpp */,
				F61EC35D1D6CA053007D2B55 /* GeometryTypes.cpp */,
				F61EC35E1D6CA053007D2B55 /* GeometryTypes.hpp */,
				F61EC3601D6CA065007D2B55 /* CameraCalibration.cpp */,
				F61EC3611D6CA065007D2B55 /* CameraCalibration.hpp */,
				F61EC36F1D6CD4EC007D2B55 /* Tracking */,
			);
			name = Core;
			sourceTree = "<group>";
		};
		F61EC36F1D6CD4EC007D2B55 /* Tracking */ = {
			isa = PBXGroup;
			children = (
				F61EC3691D6CD4E4007D2B55 /* kltTrackingOBJ.cpp */,
				F61EC36A1D6CD4E4007D2B55 /* kltTrackingOBJ.h */,
				F61EC36B1D6CD4E4007D2B55 /* trackingOBJ.cpp */,
				F61EC36C1D6CD4E4007D2B55 /* trackingOBJ.h */,
				F61EC3761D6CD53D007D2B55 /* Helper */,
			);
			name = Tracking;
			sourceTree = "<group>";
		};
		F61EC3761D6CD53D007D2B55 /* Helper */ = {
			isa = PBXGroup;
			children = (
				F61EC3701D6CD506007D2B55 /* commonCvFunctions.cpp */,
				F61EC3711D6CD506007D2B55 /* commonCvFunctions.h */,
				F61EC3731D6CD525007D2B55 /* orException.cpp */,
				F61EC3741D6CD525007D2B55 /* orException.h */,
			);
			name = Helper;
			sourceTree = "<group>";
		};
		F64266D61D6A750400C9C05B = {
			isa = PBXGroup;
			children = (
				F64266E11D6A750500C9C05B /* constellation */,
				F64266E01D6A750400C9C05B /* Products */,
			);
			sourceTree = "<group>";
		};
		F64266E01D6A750400C9C05B /* Products */ = {
			isa = PBXGroup;
			children = (
				F64266DF1D6A750400C9C05B /* constellation.app */,
			);
			name = Products;
			sourceTree = "<group>";
		};
		F64266E11D6A750500C9C05B /* constellation */ = {
			isa = PBXGroup;
			children = (
				F64266E21D6A750500C9C05B /* AppDelegate.swift */,
				F64266E41D6A750500C9C05B /* ViewController.swift */,
				F61EC33A1D6AD4E1007D2B55 /* CVWrapper.h */,
				F61EC3381D6AD4D2007D2B55 /* CVWrapper.mm */,
				F61EC3791D6D3079007D2B55 /* CVWrapperDelegate.h */,
				F61EC3431D6C9841007D2B55 /* Core */,
				F61EC3421D6BD265007D2B55 /* Supporting Files */,
				F61EC3411D6BD243007D2B55 /* Frameworks */,
			);
			path = constellation;
			sourceTree = "<group>";
		};
/* End PBXGroup section */

/* Begin PBXNativeTarget section */
		F64266DE1D6A750400C9C05B /* constellation */ = {
			isa = PBXNativeTarget;
			buildConfigurationList = F64266F11D6A750500C9C05B /* Build configuration list for PBXNativeTarget "constellation" */;
			buildPhases = (
				F64266DB1D6A750400C9C05B /* Sources */,
				F64266DC1D6A750400C9C05B /* Frameworks */,
				F64266DD1D6A750400C9C05B /* Resources */,
			);
			buildRules = (
			);
			dependencies = (
			);
			name = constellation;
			productName = constellation;
			productReference = F64266DF1D6A750400C9C05B /* constellation.app */;
			productType = "com.apple.product-type.application";
		};
/* End PBXNativeTarget section */

/* Begin PBXProject section */
		F64266D71D6A750400C9C05B /* Project object */ = {
			isa = PBXProject;
			attributes = {
				LastSwiftUpdateCheck = 0730;
				LastUpgradeCheck = 0730;
				ORGANIZATIONNAME = "Stanley Chiang";
				TargetAttributes = {
					F64266DE1D6A750400C9C05B = {
						CreatedOnToolsVersion = 7.3.1;
						DevelopmentTeam = 4C8V97R8N3;
					};
				};
			};
			buildConfigurationList = F64266DA1D6A750400C9C05B /* Build configuration list for PBXProject "constellation" */;
			compatibilityVersion = "Xcode 3.2";
			developmentRegion = English;
			hasScannedForEncodings = 0;
			knownRegions = (
				en,
				Base,
			);
			mainGroup = F64266D61D6A750400C9C05B;
			productRefGroup = F64266E01D6A750400C9C05B /* Products */;
			projectDirPath = "";
			projectRoot = "";
			targets = (
				F64266DE1D6A750400C9C05B /* constellation */,
			);
		};
/* End PBXProject section */

/* Begin PBXResourcesBuildPhase section */
		F64266DD1D6A750400C9C05B /* Resources */ = {
			isa = PBXResourcesBuildPhase;
			buildActionMask = 2147483647;
			files = (
				F61EC3341D6ACCE1007D2B55 /* pic1.bmp in Resources */,
				F64266ED1D6A750500C9C05B /* LaunchScreen.storyboard in Resources */,
				F64266EA1D6A750500C9C05B /* Assets.xcassets in Resources */,
			);
			runOnlyForDeploymentPostprocessing = 0;
		};
/* End PBXResourcesBuildPhase section */

/* Begin PBXSourcesBuildPhase section */
		F64266DB1D6A750400C9C05B /* Sources */ = {
			isa = PBXSourcesBuildPhase;
			buildActionMask = 2147483647;
			files = (
				F64266E51D6A750500C9C05B /* ViewController.swift in Sources */,
				F61EC3561D6C9FFB007D2B55 /* ARPipeline.cpp in Sources */,
				F61EC35C1D6CA043007D2B55 /* Pattern.cpp in Sources */,
				F61EC3621D6CA065007D2B55 /* CameraCalibration.cpp in Sources */,
				F61EC36E1D6CD4E4007D2B55 /* trackingOBJ.cpp in Sources */,
				F61EC3721D6CD506007D2B55 /* commonCvFunctions.cpp in Sources */,
				F61EC35F1D6CA053007D2B55 /* GeometryTypes.cpp in Sources */,
				F61EC3591D6CA02F007D2B55 /* PatternDetector.cpp in Sources */,
				F61EC3751D6CD525007D2B55 /* orException.cpp in Sources */,
				F61EC3391D6AD4D2007D2B55 /* CVWrapper.mm in Sources */,
				F64266E31D6A750500C9C05B /* AppDelegate.swift in Sources */,
				F61EC36D1D6CD4E4007D2B55 /* kltTrackingOBJ.cpp in Sources */,
			);
			runOnlyForDeploymentPostprocessing = 0;
		};
/* End PBXSourcesBuildPhase section */

/* Begin PBXVariantGroup section */
		F64266EB1D6A750500C9C05B /* LaunchScreen.storyboard */ = {
			isa = PBXVariantGroup;
			children = (
				F64266EC1D6A750500C9C05B /* Base */,
			);
			name = LaunchScreen.storyboard;
			sourceTree = "<group>";
		};
/* End PBXVariantGroup section */

/* Begin XCBuildConfiguration section */
		F64266EF1D6A750500C9C05B /* Debug */ = {
			isa = XCBuildConfiguration;
			buildSettings = {
				ALWAYS_SEARCH_USER_PATHS = NO;
				CLANG_ANALYZER_NONNULL = YES;
				CLANG_CXX_LANGUAGE_STANDARD = "gnu++0x";
				CLANG_CXX_LIBRARY = "libc++";
				CLANG_ENABLE_MODULES = YES;
				CLANG_ENABLE_OBJC_ARC = YES;
				CLANG_WARN_BOOL_CONVERSION = YES;
				CLANG_WARN_CONSTANT_CONVERSION = YES;
				CLANG_WARN_DIRECT_OBJC_ISA_USAGE = YES_ERROR;
				CLANG_WARN_EMPTY_BODY = YES;
				CLANG_WARN_ENUM_CONVERSION = YES;
				CLANG_WARN_INT_CONVERSION = YES;
				CLANG_WARN_OBJC_ROOT_CLASS = YES_ERROR;
				CLANG_WARN_UNREACHABLE_CODE = YES;
				CLANG_WARN__DUPLICATE_METHOD_MATCH = YES;
				"CODE_SIGN_IDENTITY[sdk=iphoneos*]" = "iPhone Developer";
				COPY_PHASE_STRIP = NO;
				DEBUG_INFORMATION_FORMAT = dwarf;
				ENABLE_STRICT_OBJC_MSGSEND = YES;
				ENABLE_TESTABILITY = YES;
				GCC_C_LANGUAGE_STANDARD = gnu99;
				GCC_DYNAMIC_NO_PIC = NO;
				GCC_NO_COMMON_BLOCKS = YES;
				GCC_OPTIMIZATION_LEVEL = 0;
				GCC_PREPROCESSOR_DEFINITIONS = (
					"DEBUG=1",
					"$(inherited)",
				);
				GCC_WARN_64_TO_32_BIT_CONVERSION = YES;
				GCC_WARN_ABOUT_RETURN_TYPE = YES_ERROR;
				GCC_WARN_UNDECLARED_SELECTOR = YES;
				GCC_WARN_UNINITIALIZED_AUTOS = YES_AGGRESSIVE;
				GCC_WARN_UNUSED_FUNCTION = YES;
				GCC_WARN_UNUSED_VARIABLE = YES;
				IPHONEOS_DEPLOYMENT_TARGET = 9.3;
				MTL_ENABLE_DEBUG_INFO = YES;
				ONLY_ACTIVE_ARCH = YES;
				SDKROOT = iphoneos;
				SWIFT_OPTIMIZATION_LEVEL = "-Onone";
			};
			name = Debug;
		};
		F64266F01D6A750500C9C05B /* Release */ = {
			isa = XCBuildConfiguration;
			buildSettings = {
				ALWAYS_SEARCH_USER_PATHS = NO;
				CLANG_ANALYZER_NONNULL = YES;
				CLANG_CXX_LANGUAGE_STANDARD = "gnu++0x";
				CLANG_CXX_LIBRARY = "libc++";
				CLANG_ENABLE_MODULES = YES;
				CLANG_ENABLE_OBJC_ARC = YES;
				CLANG_WARN_BOOL_CONVERSION = YES;
				CLANG_WARN_CONSTANT_CONVERSION = YES;
				CLANG_WARN_DIRECT_OBJC_ISA_USAGE = YES_ERROR;
				CLANG_WARN_EMPTY_BODY = YES;
				CLANG_WARN_ENUM_CONVERSION = YES;
				CLANG_WARN_INT_CONVERSION = YES;
				CLANG_WARN_OBJC_ROOT_CLASS = YES_ERROR;
				CLANG_WARN_UNREACHABLE_CODE = YES;
				CLANG_WARN__DUPLICATE_METHOD_MATCH = YES;
				"CODE_SIGN_IDENTITY[sdk=iphoneos*]" = "iPhone Developer";
				COPY_PHASE_STRIP = NO;
				DEBUG_INFORMATION_FORMAT = "dwarf-with-dsym";
				ENABLE_NS_ASSERTIONS = NO;
				ENABLE_STRICT_OBJC_MSGSEND = YES;
				GCC_C_LANGUAGE_STANDARD = gnu99;
				GCC_NO_COMMON_BLOCKS = YES;
				GCC_WARN_64_TO_32_BIT_CONVERSION = YES;
				GCC_WARN_ABOUT_RETURN_TYPE = YES_ERROR;
				GCC_WARN_UNDECLARED_SELECTOR = YES;
				GCC_WARN_UNINITIALIZED_AUTOS = YES_AGGRESSIVE;
				GCC_WARN_UNUSED_FUNCTION = YES;
				GCC_WARN_UNUSED_VARIABLE = YES;
				IPHONEOS_DEPLOYMENT_TARGET = 9.3;
				MTL_ENABLE_DEBUG_INFO = NO;
				SDKROOT = iphoneos;
				VALIDATE_PRODUCT = YES;
			};
			name = Release;
		};
		F64266F21D6A750500C9C05B /* Debug */ = {
			isa = XCBuildConfiguration;
			buildSettings = {
				ASSETCATALOG_COMPILER_APPICON_NAME = AppIcon;
				CLANG_ENABLE_MODULES = YES;
				CODE_SIGN_IDENTITY = "iPhone Developer";
				ENABLE_BITCODE = NO;
				FRAMEWORK_SEARCH_PATHS = (
					"$(inherited)",
					"$(PROJECT_DIR)/constellation",
				);
				INFOPLIST_FILE = constellation/Info.plist;
				LD_RUNPATH_SEARCH_PATHS = "$(inherited) @executable_path/Frameworks";
				PRODUCT_BUNDLE_IDENTIFIER = com.stan.constellation;
				PRODUCT_NAME = "$(TARGET_NAME)";
				SWIFT_OBJC_BRIDGING_HEADER = "constellation/constellation-Bridging-Header.h";
				SWIFT_OPTIMIZATION_LEVEL = "-Onone";
			};
			name = Debug;
		};
		F64266F31D6A750500C9C05B /* Release */ = {
			isa = XCBuildConfiguration;
			buildSettings = {
				ASSETCATALOG_COMPILER_APPICON_NAME = AppIcon;
				CLANG_ENABLE_MODULES = YES;
				CODE_SIGN_IDENTITY = "iPhone Developer";
				ENABLE_BITCODE = NO;
				FRAMEWORK_SEARCH_PATHS = (
					"$(inherited)",
					"$(PROJECT_DIR)/constellation",
				);
				INFOPLIST_FILE = constellation/Info.plist;
				LD_RUNPATH_SEARCH_PATHS = "$(inherited) @executable_path/Frameworks";
				PRODUCT_BUNDLE_IDENTIFIER = com.stan.constellation;
				PRODUCT_NAME = "$(TARGET_NAME)";
				SWIFT_OBJC_BRIDGING_HEADER = "constellation/constellation-Bridging-Header.h";
			};
			name = Release;
		};
/* End XCBuildConfiguration section */

/* Begin XCConfigurationList section */
		F64266DA1D6A750400C9C05B /* Build configuration list for PBXProject "constellation" */ = {
			isa = XCConfigurationList;
			buildConfigurations = (
				F64266EF1D6A750500C9C05B /* Debug */,
				F64266F01D6A750500C9C05B /* Release */,
			);
			defaultConfigurationIsVisible = 0;
			defaultConfigurationName = Release;
		};
		F64266F11D6A750500C9C05B /* Build configuration list for PBXNativeTarget "constellation" */ = {
			isa = XCConfigurationList;
			buildConfigurations = (
				F64266F21D6A750500C9C05B /* Debug */,
				F64266F31D6A750500C9C05B /* Release */,
			);
			defaultConfigurationIsVisible = 0;
			defaultConfigurationName = Release;
		};
/* End XCConfigurationList section */
	};
	rootObject = F64266D71D6A750400C9C05B /* Project object */;
}
